{
  "version": 4,
  "terraform_version": "1.4.6",
  "serial": 5,
  "lineage": "78eb5a8d-1ada-1199-fd9f-6893c95a27c5",
  "outputs": {
    "eip": {
      "value": "54.208.187.154",
      "type": "string"
    }
  },
  "resources": [
    {
      "mode": "data",
      "type": "aws_ami",
      "name": "latest_amazon_linux",
      "provider": "provider[\"registry.terraform.io/hashicorp/aws\"]",
      "instances": [
        {
          "schema_version": 0,
          "attributes": {
            "architecture": "x86_64",
            "arn": "arn:aws:ec2:us-east-1::image/ami-0806bc468ce3a22ec",
            "block_device_mappings": [
              {
                "device_name": "/dev/xvda",
                "ebs": {
                  "delete_on_termination": "true",
                  "encrypted": "false",
                  "iops": "0",
                  "snapshot_id": "snap-02ce2bd61e6bbe26e",
                  "throughput": "0",
                  "volume_size": "8",
                  "volume_type": "gp2"
                },
                "no_device": "",
                "virtual_name": ""
              }
            ],
            "creation_date": "2023-05-19T00:12:40.000Z",
            "description": "Amazon Linux 2 AMI 2.0.20230515.0 x86_64 HVM gp2",
            "ena_support": true,
            "executable_users": null,
            "filter": [
              {
                "name": "name",
                "values": [
                  "amzn2-ami-hvm-*-x86_64-gp2"
                ]
              }
            ],
            "hypervisor": "xen",
            "id": "ami-0806bc468ce3a22ec",
            "image_id": "ami-0806bc468ce3a22ec",
            "image_location": "amazon/amzn2-ami-hvm-2.0.20230515.0-x86_64-gp2",
            "image_owner_alias": "amazon",
            "image_type": "machine",
            "kernel_id": null,
            "most_recent": true,
            "name": "amzn2-ami-hvm-2.0.20230515.0-x86_64-gp2",
            "name_regex": null,
            "owner_id": "137112412989",
            "owners": [
              "amazon"
            ],
            "platform": null,
            "platform_details": "Linux/UNIX",
            "product_codes": [],
            "public": true,
            "ramdisk_id": null,
            "root_device_name": "/dev/xvda",
            "root_device_type": "ebs",
            "root_snapshot_id": "snap-02ce2bd61e6bbe26e",
            "sriov_net_support": "simple",
            "state": "available",
            "state_reason": {
              "code": "UNSET",
              "message": "UNSET"
            },
            "tags": {},
            "usage_operation": "RunInstances",
            "virtualization_type": "hvm"
          },
          "sensitive_attributes": []
        }
      ]
    },
    {
      "mode": "data",
      "type": "aws_availability_zones",
      "name": "available",
      "provider": "provider[\"registry.terraform.io/hashicorp/aws\"]",
      "instances": [
        {
          "schema_version": 0,
          "attributes": {
            "all_availability_zones": null,
            "exclude_names": null,
            "exclude_zone_ids": null,
            "filter": null,
            "group_names": [
              "us-east-1"
            ],
            "id": "us-east-1",
            "names": [
              "us-east-1a",
              "us-east-1b",
              "us-east-1c",
              "us-east-1d",
              "us-east-1e",
              "us-east-1f"
            ],
            "state": "available",
            "zone_ids": [
              "use1-az6",
              "use1-az1",
              "use1-az2",
              "use1-az4",
              "use1-az3",
              "use1-az5"
            ]
          },
          "sensitive_attributes": []
        }
      ]
    },
    {
      "mode": "data",
      "type": "aws_vpc",
      "name": "default",
      "provider": "provider[\"registry.terraform.io/hashicorp/aws\"]",
      "instances": [
        {
          "schema_version": 0,
          "attributes": {
            "arn": "arn:aws:ec2:us-east-1:237227940720:vpc/vpc-0c89c50f77cae6e3b",
            "cidr_block": "172.31.0.0/16",
            "cidr_block_associations": [
              {
                "association_id": "vpc-cidr-assoc-0daf0f73d9b67dad4",
                "cidr_block": "172.31.0.0/16",
                "state": "associated"
              }
            ],
            "default": true,
            "dhcp_options_id": "dopt-0aedc426c8bb0bfff",
            "enable_dns_hostnames": true,
            "enable_dns_support": true,
            "filter": null,
            "id": "vpc-0c89c50f77cae6e3b",
            "instance_tenancy": "default",
            "ipv6_association_id": "",
            "ipv6_cidr_block": "",
            "main_route_table_id": "rtb-0695f83f5a4779d46",
            "owner_id": "237227940720",
            "state": null,
            "tags": {}
          },
          "sensitive_attributes": []
        }
      ]
    },
    {
      "mode": "managed",
      "type": "aws_eip",
      "name": "static_eip",
      "provider": "provider[\"registry.terraform.io/hashicorp/aws\"]",
      "instances": [
        {
          "schema_version": 0,
          "attributes": {
            "address": null,
            "allocation_id": "eipalloc-004999748e185cbd3",
            "associate_with_private_ip": null,
            "association_id": "eipassoc-08ff70bc09188d850",
            "carrier_ip": "",
            "customer_owned_ip": "",
            "customer_owned_ipv4_pool": "",
            "domain": "vpc",
            "id": "eipalloc-004999748e185cbd3",
            "instance": "i-0c36bcb218737f29d",
            "network_border_group": "us-east-1",
            "network_interface": "eni-07c5ec0a5e0705852",
            "private_dns": "ip-172-31-19-208.ec2.internal",
            "private_ip": "172.31.19.208",
            "public_dns": "ec2-54-208-187-154.compute-1.amazonaws.com",
            "public_ip": "54.208.187.154",
            "public_ipv4_pool": "amazon",
            "tags": {
              "App": "Web",
              "Name": "week1-dev-eip",
              "Owner": "Dockerintro",
              "Project": "CLO835",
              "env": "dev"
            },
            "tags_all": {
              "App": "Web",
              "Name": "week1-dev-eip",
              "Owner": "Dockerintro",
              "Project": "CLO835",
              "env": "dev"
            },
            "timeouts": null,
            "vpc": true
          },
          "sensitive_attributes": [],
          "private": "eyJlMmJmYjczMC1lY2FhLTExZTYtOGY4OC0zNDM2M2JjN2M0YzAiOnsiZGVsZXRlIjoxODAwMDAwMDAwMDAsInJlYWQiOjkwMDAwMDAwMDAwMCwidXBkYXRlIjozMDAwMDAwMDAwMDB9fQ==",
          "dependencies": [
            "aws_instance.my_amazon",
            "aws_key_pair.my_key",
            "aws_security_group.my_sg",
            "data.aws_ami.latest_amazon_linux",
            "data.aws_vpc.default"
          ]
        }
      ]
    },
    {
      "mode": "managed",
      "type": "aws_instance",
      "name": "my_amazon",
      "provider": "provider[\"registry.terraform.io/hashicorp/aws\"]",
      "instances": [
        {
          "schema_version": 1,
          "attributes": {
            "ami": "ami-0806bc468ce3a22ec",
            "arn": "arn:aws:ec2:us-east-1:237227940720:instance/i-0c36bcb218737f29d",
            "associate_public_ip_address": true,
            "availability_zone": "us-east-1d",
            "capacity_reservation_specification": [
              {
                "capacity_reservation_preference": "open",
                "capacity_reservation_target": []
              }
            ],
            "cpu_core_count": 1,
            "cpu_threads_per_core": 1,
            "credit_specification": [
              {
                "cpu_credits": "standard"
              }
            ],
            "disable_api_termination": false,
            "ebs_block_device": [],
            "ebs_optimized": false,
            "enclave_options": [
              {
                "enabled": false
              }
            ],
            "ephemeral_block_device": [],
            "get_password_data": false,
            "hibernation": false,
            "host_id": null,
            "iam_instance_profile": "",
            "id": "i-0c36bcb218737f29d",
            "instance_initiated_shutdown_behavior": "stop",
            "instance_state": "running",
            "instance_type": "t2.micro",
            "ipv6_address_count": 0,
            "ipv6_addresses": [],
            "key_name": "week1-dev",
            "launch_template": [],
            "metadata_options": [
              {
                "http_endpoint": "enabled",
                "http_put_response_hop_limit": 1,
                "http_tokens": "optional",
                "instance_metadata_tags": "disabled"
              }
            ],
            "monitoring": false,
            "network_interface": [],
            "outpost_arn": "",
            "password_data": "",
            "placement_group": "",
            "placement_partition_number": null,
            "primary_network_interface_id": "eni-07c5ec0a5e0705852",
            "private_dns": "ip-172-31-19-208.ec2.internal",
            "private_ip": "172.31.19.208",
            "public_dns": "ec2-54-196-165-108.compute-1.amazonaws.com",
            "public_ip": "54.196.165.108",
            "root_block_device": [
              {
                "delete_on_termination": true,
                "device_name": "/dev/xvda",
                "encrypted": false,
                "iops": 100,
                "kms_key_id": "",
                "tags": {},
                "throughput": 0,
                "volume_id": "vol-0017c28a272f737fc",
                "volume_size": 8,
                "volume_type": "gp2"
              }
            ],
            "secondary_private_ips": [],
            "security_groups": [
              "allow_ssh"
            ],
            "source_dest_check": true,
            "subnet_id": "subnet-04920d61b4976bcc9",
            "tags": {
              "App": "Web",
              "Name": "week1-dev-Amazon-Linux",
              "Owner": "Dockerintro",
              "Project": "CLO835",
              "env": "dev"
            },
            "tags_all": {
              "App": "Web",
              "Name": "week1-dev-Amazon-Linux",
              "Owner": "Dockerintro",
              "Project": "CLO835",
              "env": "dev"
            },
            "tenancy": "default",
            "timeouts": null,
            "user_data": null,
            "user_data_base64": null,
            "volume_tags": null,
            "vpc_security_group_ids": [
              "sg-0d519b0e029abc490"
            ]
          },
          "sensitive_attributes": [],
          "private": "eyJlMmJmYjczMC1lY2FhLTExZTYtOGY4OC0zNDM2M2JjN2M0YzAiOnsiY3JlYXRlIjo2MDAwMDAwMDAwMDAsImRlbGV0ZSI6MTIwMDAwMDAwMDAwMCwidXBkYXRlIjo2MDAwMDAwMDAwMDB9LCJzY2hlbWFfdmVyc2lvbiI6IjEifQ==",
          "dependencies": [
            "aws_key_pair.my_key",
            "aws_security_group.my_sg",
            "data.aws_ami.latest_amazon_linux",
            "data.aws_vpc.default"
          ],
          "create_before_destroy": true
        }
      ]
    },
    {
      "mode": "managed",
      "type": "aws_key_pair",
      "name": "my_key",
      "provider": "provider[\"registry.terraform.io/hashicorp/aws\"]",
      "instances": [
        {
          "schema_version": 1,
          "attributes": {
            "arn": "arn:aws:ec2:us-east-1:237227940720:key-pair/week1-dev",
            "fingerprint": "80:c2:83:db:84:80:72:68:74:bd:15:c3:1d:b2:1a:0d",
            "id": "week1-dev",
            "key_name": "week1-dev",
            "key_name_prefix": "",
            "key_pair_id": "key-02647316d35214bdc",
            "public_key": "ssh-rsa AAAAB3NzaC1yc2EAAAADAQABAAABAQDO7Evhyh673/YorkiM1cswDIF2p4Av2A963HGgP+Ltl5A9iE8RZm4BLh1uDfB0r1ACexml+5528tJiZuniB/WSNTlPZWzpwsQH6vY6pOqPnRHCm3P5A/p6F/TTcMpnwa4tefns4z1dkPWju+Seul/PmQnTPkGZC7y/cbF3Er4N+cQuHYzAvzHQDCqyR2+sxjzSS5knNbQo6gFcQf21Zi6x3tzDzRb6+KmUCEKbEwoyDu99Pyf+Yz0UhsD++62pKLVicgS99AzlKaGi9r5UJ3q6wpZ2eMju41ZHnmFoBoKRyfwoMN0l51IVQp243qFPlrOqOEK0RqJqC2cr/F1xc2fr ec2-user@ip-172-31-80-64.ec2.internal",
            "tags": null,
            "tags_all": {}
          },
          "sensitive_attributes": [],
          "private": "eyJzY2hlbWFfdmVyc2lvbiI6IjEifQ==",
          "create_before_destroy": true
        }
      ]
    },
    {
      "mode": "managed",
      "type": "aws_security_group",
      "name": "my_sg",
      "provider": "provider[\"registry.terraform.io/hashicorp/aws\"]",
      "instances": [
        {
          "schema_version": 1,
          "attributes": {
            "arn": "arn:aws:ec2:us-east-1:237227940720:security-group/sg-0d519b0e029abc490",
            "description": "Allow SSH inbound traffic",
            "egress": [
              {
                "cidr_blocks": [
                  "0.0.0.0/0"
                ],
                "description": "",
                "from_port": 0,
                "ipv6_cidr_blocks": [
                  "::/0"
                ],
                "prefix_list_ids": [],
                "protocol": "-1",
                "security_groups": [],
                "self": false,
                "to_port": 0
              }
            ],
            "id": "sg-0d519b0e029abc490",
            "ingress": [
              {
                "cidr_blocks": [
                  "0.0.0.0/0"
                ],
                "description": "SSH from everywhere",
                "from_port": 22,
                "ipv6_cidr_blocks": [
                  "::/0"
                ],
                "prefix_list_ids": [],
                "protocol": "tcp",
                "security_groups": [],
                "self": false,
                "to_port": 22
              }
            ],
            "name": "allow_ssh",
            "name_prefix": "",
            "owner_id": "237227940720",
            "revoke_rules_on_delete": false,
            "tags": {
              "App": "Web",
              "Name": "week1-dev-sg",
              "Owner": "Dockerintro",
              "Project": "CLO835",
              "env": "dev"
            },
            "tags_all": {
              "App": "Web",
              "Name": "week1-dev-sg",
              "Owner": "Dockerintro",
              "Project": "CLO835",
              "env": "dev"
            },
            "timeouts": null,
            "vpc_id": "vpc-0c89c50f77cae6e3b"
          },
          "sensitive_attributes": [],
          "private": "eyJlMmJmYjczMC1lY2FhLTExZTYtOGY4OC0zNDM2M2JjN2M0YzAiOnsiY3JlYXRlIjo2MDAwMDAwMDAwMDAsImRlbGV0ZSI6OTAwMDAwMDAwMDAwfSwic2NoZW1hX3ZlcnNpb24iOiIxIn0=",
          "dependencies": [
            "data.aws_vpc.default"
          ],
          "create_before_destroy": true
        }
      ]
    }
  ],
  "check_results": null
}
